{
  "version": 4,
  "terraform_version": "0.12.5",
  "serial": 49,
  "lineage": "e5fa432f-b4c4-e497-b9ce-3018524c83ca",
  "outputs": {},
  "resources": [
    {
      "mode": "managed",
      "type": "azurerm_network_interface",
      "name": "nic2test",
      "provider": "provider.azurerm",
      "instances": []
    },
    {
      "mode": "managed",
      "type": "azurerm_network_interface",
      "name": "nictest",
      "provider": "provider.azurerm",
      "instances": [
        {
          "schema_version": 0,
          "attributes": {
            "applied_dns_servers": [],
            "dns_servers": [],
            "enable_accelerated_networking": false,
            "enable_ip_forwarding": false,
            "id": "/subscriptions/81db4030-f066-4b47-8b7d-b4ed249f1608/resourceGroups/pahtestrg/providers/Microsoft.Network/networkInterfaces/nicpah-test",
            "internal_dns_name_label": "",
            "internal_fqdn": "",
            "ip_configuration": [
              {
                "application_gateway_backend_address_pools_ids": [],
                "application_security_group_ids": [],
                "load_balancer_backend_address_pools_ids": [],
                "load_balancer_inbound_nat_rules_ids": [],
                "name": "ipconfig-test",
                "primary": true,
                "private_ip_address": "",
                "private_ip_address_allocation": "dynamic",
                "private_ip_address_version": "IPv4",
                "public_ip_address_id": "/subscriptions/81db4030-f066-4b47-8b7d-b4ed249f1608/resourceGroups/pahtestrg/providers/Microsoft.Network/publicIPAddresses/testpah-ip",
                "subnet_id": "/subscriptions/81db4030-f066-4b47-8b7d-b4ed249f1608/resourceGroups/pahtestrg/providers/Microsoft.Network/virtualNetworks/vnetpah-test/subnets/subnetpah-test"
              }
            ],
            "location": "southeastasia",
            "mac_address": "00-0D-3A-A1-EC-CA",
            "name": "nicpah-test",
            "network_security_group_id": "",
            "private_ip_address": "10.0.1.4",
            "private_ip_addresses": [
              "10.0.1.4"
            ],
            "resource_group_name": "pahtestrg",
            "tags": {},
            "virtual_machine_id": "/subscriptions/81db4030-f066-4b47-8b7d-b4ed249f1608/resourceGroups/pahtestrg/providers/Microsoft.Compute/virtualMachines/vm-test"
          },
          "private": "bnVsbA==",
          "depends_on": [
            "azurerm_public_ip.testip",
            "azurerm_resource_group.rg-test",
            "azurerm_subnet.subnet1"
          ]
        }
      ]
    },
    {
      "mode": "managed",
      "type": "azurerm_network_security_group",
      "name": "nsgtesting",
      "provider": "provider.azurerm",
      "instances": [
        {
          "schema_version": 0,
          "attributes": {
            "id": "/subscriptions/81db4030-f066-4b47-8b7d-b4ed249f1608/resourceGroups/pahtestrg/providers/Microsoft.Network/networkSecurityGroups/nsg-testing",
            "location": "southeastasia",
            "name": "nsg-testing",
            "resource_group_name": "pahtestrg",
            "security_rule": [
              {
                "access": "Allow",
                "description": "",
                "destination_address_prefix": "*",
                "destination_address_prefixes": [],
                "destination_application_security_group_ids": [],
                "destination_port_range": "3389",
                "destination_port_ranges": [],
                "direction": "Inbound",
                "name": "RDP",
                "priority": 100,
                "protocol": "Tcp",
                "source_address_prefix": "*",
                "source_address_prefixes": [],
                "source_application_security_group_ids": [],
                "source_port_range": "*",
                "source_port_ranges": []
              }
            ],
            "tags": {}
          },
          "depends_on": [
            "azurerm_resource_group.rg-test"
          ]
        }
      ]
    },
    {
      "mode": "managed",
      "type": "azurerm_public_ip",
      "name": "iptest",
      "provider": "provider.azurerm",
      "instances": [
        {
          "schema_version": 0,
          "attributes": {
            "allocation_method": "Dynamic",
            "domain_name_label": null,
            "fqdn": null,
            "id": "/subscriptions/81db4030-f066-4b47-8b7d-b4ed249f1608/resourceGroups/pahtestrg/providers/Microsoft.Network/publicIPAddresses/ipvm",
            "idle_timeout_in_minutes": 4,
            "ip_address": "",
            "ip_version": "IPv4",
            "location": "southeastasia",
            "name": "ipvm",
            "public_ip_address_allocation": "Dynamic",
            "public_ip_prefix_id": null,
            "resource_group_name": "pahtestrg",
            "reverse_fqdn": null,
            "sku": "Basic",
            "tags": {},
            "zones": null
          },
          "private": "bnVsbA==",
          "depends_on": [
            "azurerm_resource_group.rg-test"
          ]
        }
      ]
    },
    {
      "mode": "managed",
      "type": "azurerm_public_ip",
      "name": "testip",
      "provider": "provider.azurerm",
      "instances": [
        {
          "schema_version": 0,
          "attributes": {
            "allocation_method": "Dynamic",
            "domain_name_label": null,
            "fqdn": null,
            "id": "/subscriptions/81db4030-f066-4b47-8b7d-b4ed249f1608/resourceGroups/pahtestrg/providers/Microsoft.Network/publicIPAddresses/testpah-ip",
            "idle_timeout_in_minutes": 4,
            "ip_address": "20.191.136.188",
            "ip_version": "IPv4",
            "location": "southeastasia",
            "name": "testpah-ip",
            "public_ip_address_allocation": "Dynamic",
            "public_ip_prefix_id": null,
            "resource_group_name": "pahtestrg",
            "reverse_fqdn": null,
            "sku": "Basic",
            "tags": {},
            "zones": null
          },
          "depends_on": [
            "azurerm_resource_group.rg-test"
          ]
        }
      ]
    },
    {
      "mode": "managed",
      "type": "azurerm_resource_group",
      "name": "rg-test",
      "provider": "provider.azurerm",
      "instances": [
        {
          "schema_version": 0,
          "attributes": {
            "id": "/subscriptions/81db4030-f066-4b47-8b7d-b4ed249f1608/resourceGroups/pahtestrg",
            "location": "southeastasia",
            "name": "pahtestrg",
            "tags": {}
          }
        }
      ]
    },
    {
      "mode": "managed",
      "type": "azurerm_storage_account",
      "name": "sa",
      "provider": "provider.azurerm",
      "instances": [
        {
          "schema_version": 2,
          "attributes": {
            "access_tier": "",
            "account_encryption_source": "Microsoft.Storage",
            "account_kind": "Storage",
            "account_replication_type": "LRS",
            "account_tier": "Standard",
            "account_type": "Standard_LRS",
            "custom_domain": [],
            "enable_blob_encryption": true,
            "enable_file_encryption": true,
            "enable_https_traffic_only": false,
            "id": "/subscriptions/81db4030-f066-4b47-8b7d-b4ed249f1608/resourceGroups/pahtestrg/providers/Microsoft.Storage/storageAccounts/sapahtest",
            "identity": [],
            "is_hns_enabled": false,
            "location": "southeastasia",
            "name": "sapahtest",
            "network_rules": [],
            "primary_access_key": "n/aLEoDtQx0QT4TUJxPMJ95Ox8+2cAcB3jwhUggoKNNFsDEnCciTdV7u5eSGFb8einFjz1UJsaeLy8hfVxOSEQ==",
            "primary_blob_connection_string": "DefaultEndpointsProtocol=https;BlobEndpoint=https://sapahtest.blob.core.windows.net/;AccountName=sapahtest;AccountKey=n/aLEoDtQx0QT4TUJxPMJ95Ox8+2cAcB3jwhUggoKNNFsDEnCciTdV7u5eSGFb8einFjz1UJsaeLy8hfVxOSEQ==",
            "primary_blob_endpoint": "https://sapahtest.blob.core.windows.net/",
            "primary_blob_host": "sapahtest.blob.core.windows.net",
            "primary_connection_string": "DefaultEndpointsProtocol=https;AccountName=sapahtest;AccountKey=n/aLEoDtQx0QT4TUJxPMJ95Ox8+2cAcB3jwhUggoKNNFsDEnCciTdV7u5eSGFb8einFjz1UJsaeLy8hfVxOSEQ==;EndpointSuffix=core.windows.net",
            "primary_dfs_endpoint": "",
            "primary_dfs_host": "",
            "primary_file_endpoint": "https://sapahtest.file.core.windows.net/",
            "primary_file_host": "sapahtest.file.core.windows.net",
            "primary_location": "southeastasia",
            "primary_queue_endpoint": "https://sapahtest.queue.core.windows.net/",
            "primary_queue_host": "sapahtest.queue.core.windows.net",
            "primary_table_endpoint": "https://sapahtest.table.core.windows.net/",
            "primary_table_host": "sapahtest.table.core.windows.net",
            "primary_web_endpoint": "",
            "primary_web_host": "",
            "resource_group_name": "pahtestrg",
            "secondary_access_key": "xDOj184kcDsNWOtBzatZbM9paIp7nlZTo9ZSUyASXCKGApWsV/cwOqYIxoVXv2qxk6V0X9tI4zq9oR9rwzP1CQ==",
            "secondary_blob_connection_string": "",
            "secondary_blob_endpoint": null,
            "secondary_blob_host": null,
            "secondary_connection_string": "DefaultEndpointsProtocol=https;AccountName=sapahtest;AccountKey=xDOj184kcDsNWOtBzatZbM9paIp7nlZTo9ZSUyASXCKGApWsV/cwOqYIxoVXv2qxk6V0X9tI4zq9oR9rwzP1CQ==;EndpointSuffix=core.windows.net",
            "secondary_dfs_endpoint": null,
            "secondary_dfs_host": null,
            "secondary_file_endpoint": null,
            "secondary_file_host": null,
            "secondary_location": "",
            "secondary_queue_endpoint": null,
            "secondary_queue_host": null,
            "secondary_table_endpoint": null,
            "secondary_table_host": null,
            "secondary_web_endpoint": null,
            "secondary_web_host": null,
            "tags": {}
          }
        }
      ]
    },
    {
      "mode": "managed",
      "type": "azurerm_subnet",
      "name": "subnet1",
      "provider": "provider.azurerm",
      "instances": [
        {
          "schema_version": 0,
          "attributes": {
            "address_prefix": "10.0.1.0/24",
            "delegation": [],
            "id": "/subscriptions/81db4030-f066-4b47-8b7d-b4ed249f1608/resourceGroups/pahtestrg/providers/Microsoft.Network/virtualNetworks/vnetpah-test/subnets/subnetpah-test",
            "ip_configurations": [
              "/subscriptions/81db4030-f066-4b47-8b7d-b4ed249f1608/resourceGroups/pahtestrg/providers/Microsoft.Network/networkInterfaces/nicpah-test/ipConfigurations/ipconfig-test"
            ],
            "name": "subnetpah-test",
            "network_security_group_id": "",
            "resource_group_name": "pahtestrg",
            "route_table_id": "",
            "service_endpoints": null,
            "virtual_network_name": "vnetpah-test"
          },
          "depends_on": [
            "azurerm_resource_group.rg-test"
          ]
        }
      ]
    },
    {
      "mode": "managed",
      "type": "azurerm_virtual_machine",
      "name": "testvm",
      "provider": "provider.azurerm",
      "instances": [
        {
          "schema_version": 0,
          "attributes": {
            "availability_set_id": null,
            "boot_diagnostics": [
              {
                "enabled": true,
                "storage_uri": "https://sapahtest.blob.core.windows.net/"
              }
            ],
            "delete_data_disks_on_termination": false,
            "delete_os_disk_on_termination": false,
            "id": "/subscriptions/81db4030-f066-4b47-8b7d-b4ed249f1608/resourceGroups/pahtestrg/providers/Microsoft.Compute/virtualMachines/vm-test",
            "identity": [],
            "license_type": null,
            "location": "southeastasia",
            "name": "vm-test",
            "network_interface_ids": [
              "/subscriptions/81db4030-f066-4b47-8b7d-b4ed249f1608/resourceGroups/pahtestrg/providers/Microsoft.Network/networkInterfaces/nicpah-test"
            ],
            "os_profile": [
              {
                "admin_password": "",
                "admin_username": "Azlifah",
                "computer_name": "vm01",
                "custom_data": ""
              }
            ],
            "os_profile_linux_config": [],
            "os_profile_secrets": [],
            "os_profile_windows_config": [
              {
                "additional_unattend_config": [],
                "enable_automatic_upgrades": false,
                "provision_vm_agent": true,
                "timezone": "",
                "winrm": []
              }
            ],
            "plan": [],
            "primary_network_interface_id": null,
            "resource_group_name": "pahtestrg",
            "storage_data_disk": [],
            "storage_image_reference": [
              {
                "id": "",
                "offer": "WindowsServer",
                "publisher": "MicrosoftWindowsServer",
                "sku": "2016-Datacenter",
                "version": "latest"
              }
            ],
            "storage_os_disk": [
              {
                "caching": "ReadWrite",
                "create_option": "FromImage",
                "disk_size_gb": 127,
                "image_uri": "",
                "managed_disk_id": "/subscriptions/81db4030-f066-4b47-8b7d-b4ed249f1608/resourceGroups/pahtestrg/providers/Microsoft.Compute/disks/vm1-disk1",
                "managed_disk_type": "Standard_LRS",
                "name": "vm1-disk1",
                "os_type": "Windows",
                "vhd_uri": "",
                "write_accelerator_enabled": false
              }
            ],
            "tags": {},
            "vm_size": "Standard_D2s_v3",
            "zones": null
          },
          "depends_on": [
            "azurerm_network_interface.nictest",
            "azurerm_resource_group.rg-test",
            "azurerm_storage_account.sa"
          ]
        }
      ]
    },
    {
      "mode": "managed",
      "type": "azurerm_virtual_machine",
      "name": "vmfortest",
      "provider": "provider.azurerm",
      "instances": []
    },
    {
      "mode": "managed",
      "type": "azurerm_virtual_network",
      "name": "mainvnet",
      "provider": "provider.azurerm",
      "instances": [
        {
          "schema_version": 0,
          "attributes": {
            "address_space": [
              "10.0.0.0/16"
            ],
            "ddos_protection_plan": [],
            "dns_servers": null,
            "id": "/subscriptions/81db4030-f066-4b47-8b7d-b4ed249f1608/resourceGroups/pahtestrg/providers/Microsoft.Network/virtualNetworks/vnetpah-test",
            "location": "southeastasia",
            "name": "vnetpah-test",
            "resource_group_name": "pahtestrg",
            "subnet": [
              {
                "address_prefix": "10.0.1.0/24",
                "id": "/subscriptions/81db4030-f066-4b47-8b7d-b4ed249f1608/resourceGroups/pahtestrg/providers/Microsoft.Network/virtualNetworks/vnetpah-test/subnets/subnetpah-test",
                "name": "subnetpah-test",
                "security_group": ""
              }
            ],
            "tags": {}
          },
          "depends_on": [
            "azurerm_resource_group.rg-test"
          ]
        }
      ]
    },
    {
      "mode": "managed",
      "type": "azurerm_virtual_network",
      "name": "vnet2",
      "provider": "provider.azurerm",
      "instances": [
        {
          "schema_version": 0,
          "attributes": {
            "address_space": [
              "10.1.0.0/16"
            ],
            "ddos_protection_plan": [],
            "dns_servers": null,
            "id": "/subscriptions/81db4030-f066-4b47-8b7d-b4ed249f1608/resourceGroups/pahtestrg/providers/Microsoft.Network/virtualNetworks/vnet2-test",
            "location": "southeastasia",
            "name": "vnet2-test",
            "resource_group_name": "pahtestrg",
            "subnet": [],
            "tags": {}
          },
          "private": "bnVsbA==",
          "depends_on": [
            "azurerm_resource_group.rg-test"
          ]
        }
      ]
    }
  ]
}
